
Microsoft Visual Studio Solution File, Format Version 12.00
# Visual Studio 15
VisualStudioVersion = 15.0.26730.12
MinimumVisualStudioVersion = 10.0.40219.1
Project("{FAE04EC0-301F-11D3-BF4B-00C04F79EFBC}") = "Lode2", "Lode2\Lode2.csproj", "{39764927-E6FF-4A9B-88F0-2613FDA61468}"
EndProject
Global
	GlobalSection(SolutionConfigurationPlatforms) = preSolution
		Debug|Any CPU = Debug|Any CPU
		Release|Any CPU = Release|Any CPU
	EndGlobalSection
	GlobalSection(ProjectConfigurationPlatforms) = postSolution
		{39764927-E6FF-4A9B-88F0-2613FDA61468}.Debug|Any CPU.ActiveCfg = Debug|Any CPU
		{39764927-E6FF-4A9B-88F0-2613FDA61468}.Debug|Any CPU.Build.0 = Debug|Any CPU
		{39764927-E6FF-4A9B-88F0-2613FDA61468}.Release|Any CPU.ActiveCfg = Release|Any CPU
		{39764927-E6FF-4A9B-88F0-2613FDA61468}.Release|Any CPU.Build.0 = Release|Any CPU
	EndGlobalSection
	GlobalSection(SolutionProperties) = preSolution
		HideSolutionNode = FALSE
	EndGlobalSection
	GlobalSection(ExtensibilityGlobals) = postSolution
		SolutionGuid = {7ADF529A-069B-4480-9D8A-23C50AE16871}
	EndGlobalSection
EndGlobal
